
Microsoft Visual Studio Solution File, Format Version 12.00
# Visual Studio 2013
VisualStudioVersion = 12.0.30501.0
MinimumVisualStudioVersion = 10.0.40219.1
Project("{FAE04EC0-301F-11D3-BF4B-00C04F79EFBC}") = "NuGet.PackageSourceDiscovery.Extension", "NuGet.PackageSourceDiscovery.Extension\NuGet.PackageSourceDiscovery.Extension.csproj", "{B030C3A1-357A-4966-8557-7C08488716EC}"
EndProject
Project("{FAE04EC0-301F-11D3-BF4B-00C04F79EFBC}") = "NuGet.PackageSourceDiscovery.Extension.Tests", "NuGet.PackageSourceDiscovery.Extension.Tests\NuGet.PackageSourceDiscovery.Extension.Tests.csproj", "{B4358C05-C635-4C1D-A4B5-839C03E07B5E}"
EndProject
Project("{2150E333-8FDC-42A3-9474-1A3956D46DE8}") = ".nuget", ".nuget", "{5A234C88-B03F-4C8A-919B-1F8E8313127B}"
	ProjectSection(SolutionItems) = preProject
		.nuget\packages.config = .nuget\packages.config
	EndProjectSection
EndProject
Global
	GlobalSection(SolutionConfigurationPlatforms) = preSolution
		Debug|Any CPU = Debug|Any CPU
		Release|Any CPU = Release|Any CPU
	EndGlobalSection
	GlobalSection(ProjectConfigurationPlatforms) = postSolution
		{B030C3A1-357A-4966-8557-7C08488716EC}.Debug|Any CPU.ActiveCfg = Debug|Any CPU
		{B030C3A1-357A-4966-8557-7C08488716EC}.Debug|Any CPU.Build.0 = Debug|Any CPU
		{B030C3A1-357A-4966-8557-7C08488716EC}.Release|Any CPU.ActiveCfg = Release|Any CPU
		{B030C3A1-357A-4966-8557-7C08488716EC}.Release|Any CPU.Build.0 = Release|Any CPU
		{B4358C05-C635-4C1D-A4B5-839C03E07B5E}.Debug|Any CPU.ActiveCfg = Debug|Any CPU
		{B4358C05-C635-4C1D-A4B5-839C03E07B5E}.Debug|Any CPU.Build.0 = Debug|Any CPU
		{B4358C05-C635-4C1D-A4B5-839C03E07B5E}.Release|Any CPU.ActiveCfg = Release|Any CPU
		{B4358C05-C635-4C1D-A4B5-839C03E07B5E}.Release|Any CPU.Build.0 = Release|Any CPU
	EndGlobalSection
	GlobalSection(SolutionProperties) = preSolution
		HideSolutionNode = FALSE
	EndGlobalSection
EndGlobal
